
Microsoft Visual Studio Solution File, Format Version 12.00
# Visual Studio 14
VisualStudioVersion = 14.0.24720.0
MinimumVisualStudioVersion = 10.0.40219.1
Project("{FAE04EC0-301F-11D3-BF4B-00C04F79EFBC}") = "TP04", "TP04\TP04.csproj", "{8DBC46A4-DC6B-493A-A0E1-B1EF35FB7C03}"
EndProject
Project("{FAE04EC0-301F-11D3-BF4B-00C04F79EFBC}") = "TP04 -safe", "TP04 -safe\TP04 -safe.csproj", "{1F98110B-0B52-4B42-A1D3-CB9F89021170}"
EndProject
Global
	GlobalSection(SolutionConfigurationPlatforms) = preSolution
		Debug|Any CPU = Debug|Any CPU
		Release|Any CPU = Release|Any CPU
	EndGlobalSection
	GlobalSection(ProjectConfigurationPlatforms) = postSolution
		{8DBC46A4-DC6B-493A-A0E1-B1EF35FB7C03}.Debug|Any CPU.ActiveCfg = Debug|Any CPU
		{8DBC46A4-DC6B-493A-A0E1-B1EF35FB7C03}.Debug|Any CPU.Build.0 = Debug|Any CPU
		{8DBC46A4-DC6B-493A-A0E1-B1EF35FB7C03}.Release|Any CPU.ActiveCfg = Release|Any CPU
		{8DBC46A4-DC6B-493A-A0E1-B1EF35FB7C03}.Release|Any CPU.Build.0 = Release|Any CPU
		{1F98110B-0B52-4B42-A1D3-CB9F89021170}.Debug|Any CPU.ActiveCfg = Debug|Any CPU
		{1F98110B-0B52-4B42-A1D3-CB9F89021170}.Debug|Any CPU.Build.0 = Debug|Any CPU
		{1F98110B-0B52-4B42-A1D3-CB9F89021170}.Release|Any CPU.ActiveCfg = Release|Any CPU
		{1F98110B-0B52-4B42-A1D3-CB9F89021170}.Release|Any CPU.Build.0 = Release|Any CPU
	EndGlobalSection
	GlobalSection(SolutionProperties) = preSolution
		HideSolutionNode = FALSE
	EndGlobalSection
EndGlobal
